{
  "version": 4,
  "terraform_version": "1.9.3",
  "serial": 55,
  "lineage": "9e98b819-1c6a-888d-4254-92bc24b8a417",
  "outputs": {
    "github_repo": {
      "value": "https://github.com/DevABM/Cloud-Resume-API-Challenge",
      "type": "string"
    },
    "lambda_function_url": {
      "value": "https://e73retsxpprb6aywbjrbxyjeye0kvdqv.lambda-url.us-east-1.on.aws/",
      "type": "string"
    },
    "resume_items": {
      "value": [
        {
          "Certifications": {
            "L": [
              {
                "M": {
                  "date": {
                    "S": "2024-04-09"
                  },
                  "name": {
                    "S": "AWS Developer Associate"
                  }
                }
              },
              {
                "M": {
                  "date": {
                    "S": "2022-05-20"
                  },
                  "name": {
                    "S": "AWS Certified Cloud Practitioner"
                  }
                }
              },
              {
                "M": {
                  "date": {
                    "S": "2023-07-01"
                  },
                  "name": {
                    "S": "Splunk User"
                  }
                }
              }
            ]
          },
          "Contact": {
            "L": [
              {
                "M": {
                  "GitHub": {
                    "S": "https://github.com/DevABM"
                  },
                  "LinkedIn": {
                    "S": "https://linkedin.com/in/amudhabalamurugan"
                  },
                  "Medium": {
                    "S": "https://medium.com/@dev.am.balamurugan"
                  }
                }
              }
            ]
          },
          "Education": {
            "L": [
              {
                "S": "Master of Science in VLSI Systems"
              },
              {
                "S": "Bachelor of Science in Electronics \u0026 Communication Engineering"
              }
            ]
          },
          "Experience": {
            "S": "2 years in AWS Cloud DevOps "
          },
          "Name": {
            "S": "Amudha Balamurugan"
          },
          "Phone": {
            "S": "1234567890"
          },
          "Project": {
            "L": [
              {
                "S": "Optimizing Cloud Deployments with Jenkins CI/CD Integration "
              },
              {
                "S": "Scalable 3-Tier Web Application Architecture on AWS"
              },
              {
                "S": "Serverless EC2 Instance Management with AWS Lambda"
              }
            ]
          },
          "Tech Stack": {
            "L": [
              {
                "SS": [
                  "AWS",
                  "Docker",
                  "Terraform",
                  "Python",
                  "Linux"
                ]
              }
            ]
          },
          "email": {
            "S": "abroadabm@gmail.com"
          },
          "id": {
            "S": "1"
          }
        }
      ],
      "type": [
        "tuple",
        [
          [
            "object",
            {
              "Certifications": [
                "object",
                {
                  "L": [
                    "tuple",
                    [
                      [
                        "object",
                        {
                          "M": [
                            "object",
                            {
                              "date": [
                                "object",
                                {
                                  "S": "string"
                                }
                              ],
                              "name": [
                                "object",
                                {
                                  "S": "string"
                                }
                              ]
                            }
                          ]
                        }
                      ],
                      [
                        "object",
                        {
                          "M": [
                            "object",
                            {
                              "date": [
                                "object",
                                {
                                  "S": "string"
                                }
                              ],
                              "name": [
                                "object",
                                {
                                  "S": "string"
                                }
                              ]
                            }
                          ]
                        }
                      ],
                      [
                        "object",
                        {
                          "M": [
                            "object",
                            {
                              "date": [
                                "object",
                                {
                                  "S": "string"
                                }
                              ],
                              "name": [
                                "object",
                                {
                                  "S": "string"
                                }
                              ]
                            }
                          ]
                        }
                      ]
                    ]
                  ]
                }
              ],
              "Contact": [
                "object",
                {
                  "L": [
                    "tuple",
                    [
                      [
                        "object",
                        {
                          "M": [
                            "object",
                            {
                              "GitHub": [
                                "object",
                                {
                                  "S": "string"
                                }
                              ],
                              "LinkedIn": [
                                "object",
                                {
                                  "S": "string"
                                }
                              ],
                              "Medium": [
                                "object",
                                {
                                  "S": "string"
                                }
                              ]
                            }
                          ]
                        }
                      ]
                    ]
                  ]
                }
              ],
              "Education": [
                "object",
                {
                  "L": [
                    "tuple",
                    [
                      [
                        "object",
                        {
                          "S": "string"
                        }
                      ],
                      [
                        "object",
                        {
                          "S": "string"
                        }
                      ]
                    ]
                  ]
                }
              ],
              "Experience": [
                "object",
                {
                  "S": "string"
                }
              ],
              "Name": [
                "object",
                {
                  "S": "string"
                }
              ],
              "Phone": [
                "object",
                {
                  "S": "string"
                }
              ],
              "Project": [
                "object",
                {
                  "L": [
                    "tuple",
                    [
                      [
                        "object",
                        {
                          "S": "string"
                        }
                      ],
                      [
                        "object",
                        {
                          "S": "string"
                        }
                      ],
                      [
                        "object",
                        {
                          "S": "string"
                        }
                      ]
                    ]
                  ]
                }
              ],
              "Tech Stack": [
                "object",
                {
                  "L": [
                    "tuple",
                    [
                      [
                        "object",
                        {
                          "SS": [
                            "tuple",
                            [
                              "string",
                              "string",
                              "string",
                              "string",
                              "string"
                            ]
                          ]
                        }
                      ]
                    ]
                  ]
                }
              ],
              "email": [
                "object",
                {
                  "S": "string"
                }
              ],
              "id": [
                "object",
                {
                  "S": "string"
                }
              ]
            }
          ]
        ]
      ]
    },
    "resume_items_raw": {
      "value": "[\n    {\n      \"id\": {\n        \"S\": \"1\"\n      },\n      \"Name\": {\n        \"S\": \"Amudha Balamurugan\"\n      },\n      \"Phone\": {\n        \"S\": \"1234567890\"\n      },\n      \"email\": {\n        \"S\": \"abroadabm@gmail.com\"\n      },\n      \"Contact\": {\n        \"L\": [\n          {\n            \"M\": {\n              \"LinkedIn\": {\n                \"S\": \"https://linkedin.com/in/amudhabalamurugan\"\n              },\n              \"GitHub\": {\n                \"S\": \"https://github.com/DevABM\"\n              },\n              \"Medium\": {\n                \"S\": \"https://medium.com/@dev.am.balamurugan\"\n              }\n            }\n          }\n        ]\n      },\n      \"Experience\": {\n        \"S\": \"2 years in AWS Cloud DevOps \"\n      },\n      \"Certifications\": {\n        \"L\": [\n          {\n            \"M\": {\n              \"name\": {\n                \"S\": \"AWS Developer Associate\"\n              },\n              \"date\": {\n                \"S\": \"2024-04-09\"\n              }\n            }\n          },\n          {\n            \"M\": {\n              \"name\": {\n                \"S\": \"AWS Certified Cloud Practitioner\"\n              },\n              \"date\": {\n                \"S\": \"2022-05-20\"\n              }\n            }\n          },\n          {\n            \"M\": {\n              \"name\": {\n                \"S\": \"Splunk User\"\n              },\n              \"date\": {\n                \"S\": \"2023-07-01\"\n              }\n            }\n          }\n        ]\n      },\n      \"Project\": {\n        \"L\": [\n          {\n            \"S\": \"Optimizing Cloud Deployments with Jenkins CI/CD Integration \"\n          },\n          {\n            \"S\": \"Scalable 3-Tier Web Application Architecture on AWS\"\n          },\n          {\n            \"S\": \"Serverless EC2 Instance Management with AWS Lambda\"\n          }\n        ]\n      },\n      \"Education\": {\n        \"L\": [\n          {\n            \"S\": \"Master of Science in VLSI Systems\"\n          },\n          {\n            \"S\": \"Bachelor of Science in Electronics \u0026 Communication Engineering\"\n          }\n        ]\n      },\n      \"Tech Stack\": {\n        \"L\": [\n          {\n            \"SS\": [\n              \"AWS\",\n              \"Docker\",\n              \"Terraform\",\n              \"Python\",\n              \"Linux\"\n            ]\n          }\n        ]\n      }\n    }\n  ]\n  ",
      "type": "string"
    }
  },
  "resources": [
    {
      "mode": "managed",
      "type": "aws_api_gateway_deployment",
      "name": "example",
      "provider": "provider[\"registry.terraform.io/hashicorp/aws\"]",
      "instances": [
        {
          "schema_version": 0,
          "attributes": {
            "canary_settings": [],
            "created_date": "2024-07-27T07:46:05Z",
            "description": "",
            "execution_arn": "arn:aws:execute-api:us-east-1:869754947683:wla1co36y9/prod",
            "id": "1i4ykw",
            "invoke_url": "https://wla1co36y9.execute-api.us-east-1.amazonaws.com/prod",
            "rest_api_id": "wla1co36y9",
            "stage_description": null,
            "stage_name": "prod",
            "triggers": null,
            "variables": null
          },
          "sensitive_attributes": [],
          "private": "bnVsbA==",
          "dependencies": [
            "aws_api_gateway_integration.example",
            "aws_api_gateway_method.example",
            "aws_api_gateway_resource.example",
            "aws_api_gateway_rest_api.example",
            "aws_dynamodb_table.resumes",
            "aws_iam_role.lambda_exec_role",
            "aws_lambda_function.resume_lambda",
            "aws_lambda_function_url.resume_lambda_url"
          ]
        }
      ]
    },
    {
      "mode": "managed",
      "type": "aws_api_gateway_integration",
      "name": "example",
      "provider": "provider[\"registry.terraform.io/hashicorp/aws\"]",
      "instances": [
        {
          "schema_version": 0,
          "attributes": {
            "cache_key_parameters": [],
            "cache_namespace": "qih3wt",
            "connection_id": "",
            "connection_type": "INTERNET",
            "content_handling": "",
            "credentials": "",
            "http_method": "GET",
            "id": "agi-wla1co36y9-qih3wt-GET",
            "integration_http_method": "GET",
            "passthrough_behavior": "WHEN_NO_MATCH",
            "request_parameters": {},
            "request_templates": {},
            "resource_id": "qih3wt",
            "rest_api_id": "wla1co36y9",
            "timeout_milliseconds": 29000,
            "tls_config": [],
            "type": "HTTP",
            "uri": "https://e73retsxpprb6aywbjrbxyjeye0kvdqv.lambda-url.us-east-1.on.aws/"
          },
          "sensitive_attributes": [],
          "private": "bnVsbA==",
          "dependencies": [
            "aws_api_gateway_method.example",
            "aws_api_gateway_resource.example",
            "aws_api_gateway_rest_api.example",
            "aws_dynamodb_table.resumes",
            "aws_iam_role.lambda_exec_role",
            "aws_lambda_function.resume_lambda",
            "aws_lambda_function_url.resume_lambda_url"
          ]
        }
      ]
    },
    {
      "mode": "managed",
      "type": "aws_api_gateway_method",
      "name": "example",
      "provider": "provider[\"registry.terraform.io/hashicorp/aws\"]",
      "instances": [
        {
          "schema_version": 0,
          "attributes": {
            "api_key_required": false,
            "authorization": "NONE",
            "authorization_scopes": [],
            "authorizer_id": "",
            "http_method": "GET",
            "id": "agm-wla1co36y9-qih3wt-GET",
            "operation_name": "",
            "request_models": {},
            "request_parameters": {},
            "request_validator_id": "",
            "resource_id": "qih3wt",
            "rest_api_id": "wla1co36y9"
          },
          "sensitive_attributes": [],
          "private": "bnVsbA==",
          "dependencies": [
            "aws_api_gateway_resource.example",
            "aws_api_gateway_rest_api.example"
          ]
        }
      ]
    },
    {
      "mode": "managed",
      "type": "aws_api_gateway_resource",
      "name": "example",
      "provider": "provider[\"registry.terraform.io/hashicorp/aws\"]",
      "instances": [
        {
          "schema_version": 0,
          "attributes": {
            "id": "qih3wt",
            "parent_id": "i95nd889bh",
            "path": "/example",
            "path_part": "example",
            "rest_api_id": "wla1co36y9"
          },
          "sensitive_attributes": [],
          "private": "bnVsbA==",
          "dependencies": [
            "aws_api_gateway_rest_api.example"
          ]
        }
      ]
    },
    {
      "mode": "managed",
      "type": "aws_api_gateway_rest_api",
      "name": "example",
      "provider": "provider[\"registry.terraform.io/hashicorp/aws\"]",
      "instances": [
        {
          "schema_version": 0,
          "attributes": {
            "api_key_source": "HEADER",
            "arn": "arn:aws:apigateway:us-east-1::/restapis/wla1co36y9",
            "binary_media_types": [],
            "body": null,
            "created_date": "2024-07-27T07:45:46Z",
            "description": "Example API",
            "disable_execute_api_endpoint": false,
            "endpoint_configuration": [
              {
                "types": [
                  "EDGE"
                ],
                "vpc_endpoint_ids": []
              }
            ],
            "execution_arn": "arn:aws:execute-api:us-east-1:869754947683:wla1co36y9",
            "fail_on_warnings": null,
            "id": "wla1co36y9",
            "minimum_compression_size": "",
            "name": "example-api",
            "parameters": null,
            "policy": "",
            "put_rest_api_mode": null,
            "root_resource_id": "i95nd889bh",
            "tags": {},
            "tags_all": {}
          },
          "sensitive_attributes": [],
          "private": "bnVsbA=="
        }
      ]
    },
    {
      "mode": "managed",
      "type": "aws_dynamodb_table",
      "name": "resumes",
      "provider": "provider[\"registry.terraform.io/hashicorp/aws\"]",
      "instances": [
        {
          "schema_version": 1,
          "attributes": {
            "arn": "arn:aws:dynamodb:us-east-1:869754947683:table/resumes",
            "attribute": [
              {
                "name": "id",
                "type": "S"
              }
            ],
            "billing_mode": "PAY_PER_REQUEST",
            "deletion_protection_enabled": false,
            "global_secondary_index": [],
            "hash_key": "id",
            "id": "resumes",
            "import_table": [],
            "local_secondary_index": [],
            "name": "resumes",
            "point_in_time_recovery": [
              {
                "enabled": false
              }
            ],
            "range_key": null,
            "read_capacity": 0,
            "replica": [],
            "restore_date_time": null,
            "restore_source_name": null,
            "restore_to_latest_time": null,
            "server_side_encryption": [],
            "stream_arn": "",
            "stream_enabled": false,
            "stream_label": "",
            "stream_view_type": "",
            "table_class": "STANDARD",
            "tags": {},
            "tags_all": {},
            "timeouts": null,
            "ttl": [
              {
                "attribute_name": "",
                "enabled": false
              }
            ],
            "write_capacity": 0
          },
          "sensitive_attributes": [],
          "private": "eyJlMmJmYjczMC1lY2FhLTExZTYtOGY4OC0zNDM2M2JjN2M0YzAiOnsiY3JlYXRlIjoxODAwMDAwMDAwMDAwLCJkZWxldGUiOjYwMDAwMDAwMDAwMCwidXBkYXRlIjozNjAwMDAwMDAwMDAwfSwic2NoZW1hX3ZlcnNpb24iOiIxIn0="
        }
      ]
    },
    {
      "mode": "managed",
      "type": "aws_dynamodb_table_item",
      "name": "resume_items",
      "provider": "provider[\"registry.terraform.io/hashicorp/aws\"]",
      "instances": [
        {
          "index_key": "0",
          "schema_version": 0,
          "attributes": {
            "hash_key": "id",
            "id": "resumes|id|1",
            "item": "{\"Certifications\":{\"L\":[{\"M\":{\"date\":{\"S\":\"2024-04-09\"},\"name\":{\"S\":\"AWS Developer Associate\"}}},{\"M\":{\"date\":{\"S\":\"2022-05-20\"},\"name\":{\"S\":\"AWS Certified Cloud Practitioner\"}}},{\"M\":{\"date\":{\"S\":\"2023-07-01\"},\"name\":{\"S\":\"Splunk User\"}}}]},\"Contact\":{\"L\":[{\"M\":{\"GitHub\":{\"S\":\"https://github.com/DevABM\"},\"LinkedIn\":{\"S\":\"https://linkedin.com/in/amudhabalamurugan\"},\"Medium\":{\"S\":\"https://medium.com/@dev.am.balamurugan\"}}}]},\"Education\":{\"L\":[{\"S\":\"Master of Science in VLSI Systems\"},{\"S\":\"Bachelor of Science in Electronics \\u0026 Communication Engineering\"}]},\"Experience\":{\"S\":\"2 years in AWS Cloud DevOps \"},\"Name\":{\"S\":\"Amudha Balamurugan\"},\"Phone\":{\"S\":\"1234567890\"},\"Project\":{\"L\":[{\"S\":\"Optimizing Cloud Deployments with Jenkins CI/CD Integration \"},{\"S\":\"Scalable 3-Tier Web Application Architecture on AWS\"},{\"S\":\"Serverless EC2 Instance Management with AWS Lambda\"}]},\"Tech Stack\":{\"L\":[{\"SS\":[\"AWS\",\"Docker\",\"Linux\",\"Python\",\"Terraform\"]}]},\"email\":{\"S\":\"abroadabm@gmail.com\"},\"id\":{\"S\":\"1\"}}\n",
            "range_key": null,
            "table_name": "resumes"
          },
          "sensitive_attributes": [],
          "private": "bnVsbA==",
          "dependencies": [
            "aws_dynamodb_table.resumes"
          ]
        }
      ]
    },
    {
      "mode": "managed",
      "type": "aws_iam_role",
      "name": "lambda_exec_role",
      "provider": "provider[\"registry.terraform.io/hashicorp/aws\"]",
      "instances": [
        {
          "schema_version": 0,
          "attributes": {
            "arn": "arn:aws:iam::869754947683:role/lambda_exec_role",
            "assume_role_policy": "{\"Statement\":[{\"Action\":\"sts:AssumeRole\",\"Effect\":\"Allow\",\"Principal\":{\"Service\":\"lambda.amazonaws.com\"},\"Sid\":\"\"}],\"Version\":\"2012-10-17\"}",
            "create_date": "2024-07-27T05:35:58Z",
            "description": "",
            "force_detach_policies": false,
            "id": "lambda_exec_role",
            "inline_policy": [],
            "managed_policy_arns": [
              "arn:aws:iam::aws:policy/AmazonDynamoDBFullAccess",
              "arn:aws:iam::aws:policy/service-role/AWSLambdaBasicExecutionRole"
            ],
            "max_session_duration": 3600,
            "name": "lambda_exec_role",
            "name_prefix": "",
            "path": "/",
            "permissions_boundary": "",
            "tags": {},
            "tags_all": {},
            "unique_id": "AROA4VALPJBRXENBN755H"
          },
          "sensitive_attributes": [],
          "private": "bnVsbA=="
        }
      ]
    },
    {
      "mode": "managed",
      "type": "aws_lambda_function",
      "name": "resume_lambda",
      "provider": "provider[\"registry.terraform.io/hashicorp/aws\"]",
      "instances": [
        {
          "schema_version": 0,
          "attributes": {
            "architectures": [
              "x86_64"
            ],
            "arn": "arn:aws:lambda:us-east-1:869754947683:function:ResumeFunction",
            "code_sha256": "foc+UjKHm70JsW3CDSC8xSBN1/g7xFKXOPm4G0az4QQ=",
            "code_signing_config_arn": "",
            "dead_letter_config": [],
            "description": "",
            "environment": [
              {
                "variables": {
                  "TABLE_NAME": "resumes"
                }
              }
            ],
            "ephemeral_storage": [
              {
                "size": 512
              }
            ],
            "file_system_config": [],
            "filename": "lambda.zip",
            "function_name": "ResumeFunction",
            "handler": "lambda_function.lambda_handler",
            "id": "ResumeFunction",
            "image_config": [],
            "image_uri": "",
            "invoke_arn": "arn:aws:apigateway:us-east-1:lambda:path/2015-03-31/functions/arn:aws:lambda:us-east-1:869754947683:function:ResumeFunction/invocations",
            "kms_key_arn": "",
            "last_modified": "2024-07-27T07:50:26.000+0000",
            "layers": [],
            "logging_config": [
              {
                "application_log_level": "",
                "log_format": "Text",
                "log_group": "/aws/lambda/ResumeFunction",
                "system_log_level": ""
              }
            ],
            "memory_size": 128,
            "package_type": "Zip",
            "publish": false,
            "qualified_arn": "arn:aws:lambda:us-east-1:869754947683:function:ResumeFunction:$LATEST",
            "qualified_invoke_arn": "arn:aws:apigateway:us-east-1:lambda:path/2015-03-31/functions/arn:aws:lambda:us-east-1:869754947683:function:ResumeFunction:$LATEST/invocations",
            "replace_security_groups_on_destroy": null,
            "replacement_security_group_ids": null,
            "reserved_concurrent_executions": -1,
            "role": "arn:aws:iam::869754947683:role/lambda_exec_role",
            "runtime": "python3.9",
            "s3_bucket": null,
            "s3_key": null,
            "s3_object_version": null,
            "signing_job_arn": "",
            "signing_profile_version_arn": "",
            "skip_destroy": false,
            "snap_start": [],
            "source_code_hash": "foc+UjKHm70JsW3CDSC8xSBN1/g7xFKXOPm4G0az4QQ=",
            "source_code_size": 586,
            "tags": {},
            "tags_all": {},
            "timeout": 3,
            "timeouts": null,
            "tracing_config": [
              {
                "mode": "PassThrough"
              }
            ],
            "version": "$LATEST",
            "vpc_config": []
          },
          "sensitive_attributes": [],
          "private": "eyJlMmJmYjczMC1lY2FhLTExZTYtOGY4OC0zNDM2M2JjN2M0YzAiOnsiY3JlYXRlIjo2MDAwMDAwMDAwMDAsImRlbGV0ZSI6NjAwMDAwMDAwMDAwLCJ1cGRhdGUiOjYwMDAwMDAwMDAwMH19",
          "dependencies": [
            "aws_dynamodb_table.resumes",
            "aws_iam_role.lambda_exec_role"
          ]
        }
      ]
    },
    {
      "mode": "managed",
      "type": "aws_lambda_function_url",
      "name": "resume_lambda_url",
      "provider": "provider[\"registry.terraform.io/hashicorp/aws\"]",
      "instances": [
        {
          "schema_version": 0,
          "attributes": {
            "authorization_type": "NONE",
            "cors": [],
            "function_arn": "arn:aws:lambda:us-east-1:869754947683:function:ResumeFunction",
            "function_name": "ResumeFunction",
            "function_url": "https://e73retsxpprb6aywbjrbxyjeye0kvdqv.lambda-url.us-east-1.on.aws/",
            "id": "ResumeFunction",
            "invoke_mode": "BUFFERED",
            "qualifier": "",
            "timeouts": null,
            "url_id": "e73retsxpprb6aywbjrbxyjeye0kvdqv"
          },
          "sensitive_attributes": [],
          "private": "eyJlMmJmYjczMC1lY2FhLTExZTYtOGY4OC0zNDM2M2JjN2M0YzAiOnsiY3JlYXRlIjo2MDAwMDAwMDAwMDB9fQ==",
          "dependencies": [
            "aws_dynamodb_table.resumes",
            "aws_iam_role.lambda_exec_role",
            "aws_lambda_function.resume_lambda"
          ]
        }
      ]
    },
    {
      "mode": "managed",
      "type": "aws_lambda_permission",
      "name": "allow_api_gateway",
      "provider": "provider[\"registry.terraform.io/hashicorp/aws\"]",
      "instances": [
        {
          "schema_version": 0,
          "attributes": {
            "action": "lambda:InvokeFunction",
            "event_source_token": null,
            "function_name": "ResumeFunction",
            "function_url_auth_type": null,
            "id": "AllowExecutionFromAPIGateway",
            "principal": "apigateway.amazonaws.com",
            "principal_org_id": null,
            "qualifier": "",
            "source_account": null,
            "source_arn": null,
            "statement_id": "AllowExecutionFromAPIGateway",
            "statement_id_prefix": ""
          },
          "sensitive_attributes": [],
          "private": "bnVsbA==",
          "dependencies": [
            "aws_dynamodb_table.resumes",
            "aws_iam_role.lambda_exec_role",
            "aws_lambda_function.resume_lambda"
          ]
        }
      ]
    },
    {
      "mode": "managed",
      "type": "github_repository",
      "name": "example",
      "provider": "provider[\"registry.terraform.io/hashicorp/github\"]",
      "instances": [
        {
          "schema_version": 1,
          "attributes": {
            "allow_auto_merge": false,
            "allow_merge_commit": true,
            "allow_rebase_merge": true,
            "allow_squash_merge": true,
            "allow_update_branch": false,
            "archive_on_destroy": null,
            "archived": false,
            "auto_init": null,
            "default_branch": "main",
            "delete_branch_on_merge": false,
            "description": "This repository contains Terraform configurations to deploy an AWS Lambda function and DynamoDB table",
            "etag": "W/\"ef4a0ad7831dfd2a64df8f39381ff56cfda1a81f16df40ec6b206c4f854f6a19\"",
            "full_name": "DevABM/Cloud-Resume-API-Challenge",
            "git_clone_url": "git://github.com/DevABM/Cloud-Resume-API-Challenge.git",
            "gitignore_template": null,
            "has_discussions": false,
            "has_downloads": false,
            "has_issues": false,
            "has_projects": false,
            "has_wiki": false,
            "homepage_url": "",
            "html_url": "https://github.com/DevABM/Cloud-Resume-API-Challenge",
            "http_clone_url": "https://github.com/DevABM/Cloud-Resume-API-Challenge.git",
            "id": "Cloud-Resume-API-Challenge",
            "ignore_vulnerability_alerts_during_read": null,
            "is_template": false,
            "license_template": null,
            "merge_commit_message": "PR_TITLE",
            "merge_commit_title": "MERGE_MESSAGE",
            "name": "Cloud-Resume-API-Challenge",
            "node_id": "R_kgDOMbskEw",
            "pages": [],
            "primary_language": "",
            "private": false,
            "repo_id": 834348051,
            "security_and_analysis": [
              {
                "advanced_security": [],
                "secret_scanning": [
                  {
                    "status": "enabled"
                  }
                ],
                "secret_scanning_push_protection": [
                  {
                    "status": "enabled"
                  }
                ]
              }
            ],
            "squash_merge_commit_message": "COMMIT_MESSAGES",
            "squash_merge_commit_title": "COMMIT_OR_PR_TITLE",
            "ssh_clone_url": "git@github.com:DevABM/Cloud-Resume-API-Challenge.git",
            "svn_url": "https://github.com/DevABM/Cloud-Resume-API-Challenge",
            "template": [],
            "topics": [],
            "visibility": "public",
            "vulnerability_alerts": false,
            "web_commit_signoff_required": false
          },
          "sensitive_attributes": [],
          "private": "eyJzY2hlbWFfdmVyc2lvbiI6IjEifQ==",
          "create_before_destroy": true
        }
      ]
    }
  ],
  "check_results": null
}
